Microsoft Visual Studio Solution File, Format Version 12.00
Project("{2150E333-8FDC-42A3-9474-1A3956D46DE8}") = "Libraries", "Libraries", "{FD41756C-3F0D-4C70-BFEE-A83570467BFF}"
EndProject
Project("{2150E333-8FDC-42A3-9474-1A3956D46DE8}") = "Runners", "Runners", "{524FDF31-71BE-46CD-BC87-7BD9782157A9}"
EndProject
Project("{2150E333-8FDC-42A3-9474-1A3956D46DE8}") = "Tests", "Tests", "{75FF8A1A-2FC9-4D8D-B203-FCF4EE69F3D9}"
EndProject
Project("{FAE04EC0-301F-11D3-BF4B-00C04F79EFBC}") = "DungeonTools.Save.File", "src\DungeonTools.Save.File\DungeonTools.Save.File.csproj", "{72A9DB45-34AB-4C3C-A346-9901C1D7A69C}"
EndProject
Project("{FAE04EC0-301F-11D3-BF4B-00C04F79EFBC}") = "DungeonTools.Save.Models", "src\DungeonTools.Save.Models\DungeonTools.Save.Models.csproj", "{7024D015-DB62-431E-920D-4CEF6754872B}"
EndProject
Project("{FAE04EC0-301F-11D3-BF4B-00C04F79EFBC}") = "DungeonTools.Cli", "src\DungeonTools.Cli\DungeonTools.Cli.csproj", "{76348AD8-394D-4A88-A19D-ABF9699529B4}"
EndProject
Project("{FAE04EC0-301F-11D3-BF4B-00C04F79EFBC}") = "DungeonTools.Server", "src\DungeonTools.Server\DungeonTools.Server.csproj", "{BCDF3715-963B-4502-8120-F9221611DB7F}"
EndProject
Global
	GlobalSection(SolutionConfigurationPlatforms) = preSolution
		Debug|Any CPU = Debug|Any CPU
		Release|Any CPU = Release|Any CPU
	EndGlobalSection
	GlobalSection(NestedProjects) = preSolution
		{72A9DB45-34AB-4C3C-A346-9901C1D7A69C} = {FD41756C-3F0D-4C70-BFEE-A83570467BFF}
		{7024D015-DB62-431E-920D-4CEF6754872B} = {FD41756C-3F0D-4C70-BFEE-A83570467BFF}
		{76348AD8-394D-4A88-A19D-ABF9699529B4} = {524FDF31-71BE-46CD-BC87-7BD9782157A9}
		{BCDF3715-963B-4502-8120-F9221611DB7F} = {524FDF31-71BE-46CD-BC87-7BD9782157A9}
	EndGlobalSection
	GlobalSection(ProjectConfigurationPlatforms) = postSolution
		{76348AD8-394D-4A88-A19D-ABF9699529B4}.Debug|Any CPU.ActiveCfg = Debug|Any CPU
		{76348AD8-394D-4A88-A19D-ABF9699529B4}.Debug|Any CPU.Build.0 = Debug|Any CPU
		{76348AD8-394D-4A88-A19D-ABF9699529B4}.Release|Any CPU.ActiveCfg = Release|Any CPU
		{76348AD8-394D-4A88-A19D-ABF9699529B4}.Release|Any CPU.Build.0 = Release|Any CPU
		{7024D015-DB62-431E-920D-4CEF6754872B}.Debug|Any CPU.ActiveCfg = Debug|Any CPU
		{7024D015-DB62-431E-920D-4CEF6754872B}.Debug|Any CPU.Build.0 = Debug|Any CPU
		{7024D015-DB62-431E-920D-4CEF6754872B}.Release|Any CPU.ActiveCfg = Release|Any CPU
		{7024D015-DB62-431E-920D-4CEF6754872B}.Release|Any CPU.Build.0 = Release|Any CPU
		{72A9DB45-34AB-4C3C-A346-9901C1D7A69C}.Debug|Any CPU.ActiveCfg = Debug|Any CPU
		{72A9DB45-34AB-4C3C-A346-9901C1D7A69C}.Debug|Any CPU.Build.0 = Debug|Any CPU
		{72A9DB45-34AB-4C3C-A346-9901C1D7A69C}.Release|Any CPU.ActiveCfg = Release|Any CPU
		{72A9DB45-34AB-4C3C-A346-9901C1D7A69C}.Release|Any CPU.Build.0 = Release|Any CPU
		{BCDF3715-963B-4502-8120-F9221611DB7F}.Debug|Any CPU.ActiveCfg = Debug|Any CPU
		{BCDF3715-963B-4502-8120-F9221611DB7F}.Debug|Any CPU.Build.0 = Debug|Any CPU
		{BCDF3715-963B-4502-8120-F9221611DB7F}.Release|Any CPU.ActiveCfg = Release|Any CPU
		{BCDF3715-963B-4502-8120-F9221611DB7F}.Release|Any CPU.Build.0 = Release|Any CPU
	EndGlobalSection
EndGlobal
